// !$*UTF8*$!
{
	archiveVersion = 1;
	classes = {
	};
	objectVersion = 46;
	objects = {

/* Begin PBXBuildFile section */
		F9D612031DE05236009DDDCE /* AppDelegate.swift in Sources */ = {isa = PBXBuildFile; fileRef = F9D612021DE05236009DDDCE /* AppDelegate.swift */; };
		F9D612051DE05236009DDDCE /* ViewController.swift in Sources */ = {isa = PBXBuildFile; fileRef = F9D612041DE05236009DDDCE /* ViewController.swift */; };
		F9D612081DE05236009DDDCE /* Main.storyboard in Resources */ = {isa = PBXBuildFile; fileRef = F9D612061DE05236009DDDCE /* Main.storyboard */; };
		F9D6120A1DE05236009DDDCE /* Assets.xcassets in Resources */ = {isa = PBXBuildFile; fileRef = F9D612091DE05236009DDDCE /* Assets.xcassets */; };
		F9D6120D1DE05236009DDDCE /* LaunchScreen.storyboard in Resources */ = {isa = PBXBuildFile; fileRef = F9D6120B1DE05236009DDDCE /* LaunchScreen.storyboard */; };
/* End PBXBuildFile section */

/* Begin PBXFileReference section */
		F9D611FF1DE05236009DDDCE /* SOUserNotifications.app */ = {isa = PBXFileReference; explicitFileType = wrapper.application; includeInIndex = 0; path = SOUserNotifications.app; sourceTree = BUILT_PRODUCTS_DIR; };
		F9D612021DE05236009DDDCE /* AppDelegate.swift */ = {isa = PBXFileReference; lastKnownFileType = sourcecode.swift; path = AppDelegate.swift; sourceTree = "<group>"; };
		F9D612041DE05236009DDDCE /* ViewController.swift */ = {isa = PBXFileReference; lastKnownFileType = sourcecode.swift; path = ViewController.swift; sourceTree = "<group>"; };
		F9D612071DE05236009DDDCE /* Base */ = {isa = PBXFileReference; lastKnownFileType = file.storyboard; name = Base; path = Base.lproj/Main.storyboard; sourceTree = "<group>"; };
		F9D612091DE05236009DDDCE /* Assets.xcassets */ = {isa = PBXFileReference; lastKnownFileType = folder.assetcatalog; path = Assets.xcassets; sourceTree = "<group>"; };
		F9D6120C1DE05236009DDDCE /* Base */ = {isa = PBXFileReference; lastKnownFileType = file.storyboard; name = Base; path = Base.lproj/LaunchScreen.storyboard; sourceTree = "<group>"; };
		F9D6120E1DE05236009DDDCE /* Info.plist */ = {isa = PBXFileReference; lastKnownFileType = text.plist.xml; path = Info.plist; sourceTree = "<group>"; };
/* End PBXFileReference section */

/* Begin PBXFrameworksBuildPhase section */
		F9D611FC1DE05236009DDDCE /* Frameworks */ = {
			isa = PBXFrameworksBuildPhase;
			buildActionMask = 2147483647;
			files = (
			);
			runOnlyForDeploymentPostprocessing = 0;
		};
/* End PBXFrameworksBuildPhase section */

/* Begin PBXGroup section */
		F9D611F61DE05236009DDDCE = {
			isa = PBXGroup;
			children = (
				F9D612011DE05236009DDDCE /* SOUserNotifications */,
				F9D612001DE05236009DDDCE /* Products */,
			);
			sourceTree = "<group>";
		};
		F9D612001DE05236009DDDCE /* Products */ = {
			isa = PBXGroup;
			children = (
				F9D611FF1DE05236009DDDCE /* SOUserNotifications.app */,
			);
			name = Products;
			sourceTree = "<group>";
		};
		F9D612011DE05236009DDDCE /* SOUserNotifications */ = {
			isa = PBXGroup;
			children = (
				F9D612021DE05236009DDDCE /* AppDelegate.swift */,
				F9D612041DE05236009DDDCE /* ViewController.swift */,
				F9D612061DE05236009DDDCE /* Main.storyboard */,
				F9D612091DE05236009DDDCE /* Assets.xcassets */,
				F9D6120B1DE05236009DDDCE /* LaunchScreen.storyboard */,
				F9D6120E1DE05236009DDDCE /* Info.plist */,
			);
			path = SOUserNotifications;
			sourceTree = "<group>";
		};
/* End PBXGroup section */

/* Begin PBXNativeTarget section */
		F9D611FE1DE05236009DDDCE /* SOUserNotifications */ = {
			isa = PBXNativeTarget;
			buildConfigurationList = F9D612111DE05236009DDDCE /* Build configuration list for PBXNativeTarget "SOUserNotifications" */;
			buildPhases = (
				F9D611FB1DE05236009DDDCE /* Sources */,
				F9D611FC1DE05236009DDDCE /* Frameworks */,
				F9D611FD1DE05236009DDDCE /* Resources */,
			);
			buildRules = (
			);
			dependencies = (
			);
			name = SOUserNotifications;
			productName = SOUserNotifications;
			productReference = F9D611FF1DE05236009DDDCE /* SOUserNotifications.app */;
			productType = "com.apple.product-type.application";
		};
/* End PBXNativeTarget section */

/* Begin PBXProject section */
		F9D611F71DE05236009DDDCE /* Project object */ = {
			isa = PBXProject;
			attributes = {
				LastSwiftUpdateCheck = 0800;
				LastUpgradeCheck = 0800;
				ORGANIZATIONNAME = myCompany;
				TargetAttributes = {
					F9D611FE1DE05236009DDDCE = {
						CreatedOnToolsVersion = 8.0;
						DevelopmentTeam = Z896W6JV89;
						ProvisioningStyle = Automatic;
					};
				};
			};
			buildConfigurationList = F9D611FA1DE05236009DDDCE /* Build configuration list for PBXProject "SOUserNotifications" */;
			compatibilityVersion = "Xcode 3.2";
			developmentRegion = English;
			hasScannedForEncodings = 0;
			knownRegions = (
				en,
				Base,
			);
			mainGroup = F9D611F61DE05236009DDDCE;
			productRefGroup = F9D612001DE05236009DDDCE /* Products */;
			projectDirPath = "";
			projectRoot = "";
			targets = (
				F9D611FE1DE05236009DDDCE /* SOUserNotifications */,
			);
		};
/* End PBXProject section */

/* Begin PBXResourcesBuildPhase section */
		F9D611FD1DE05236009DDDCE /* Resources */ = {
			isa = PBXResourcesBuildPhase;
			buildActionMask = 2147483647;
			files = (
				F9D6120D1DE05236009DDDCE /* LaunchScreen.storyboard in Resources */,
				F9D6120A1DE05236009DDDCE /* Assets.xcassets in Resources */,
				F9D612081DE05236009DDDCE /* Main.storyboard in Resources */,
			);
			runOnlyForDeploymentPostprocessing = 0;
		};
/* End PBXResourcesBuildPhase section */

/* Begin PBXSourcesBuildPhase section */
		F9D611FB1DE05236009DDDCE /* Sources */ = {
			isa = PBXSourcesBuildPhase;
			buildActionMask = 2147483647;
			files = (
				F9D612051DE05236009DDDCE /* ViewController.swift in Sources */,
				F9D612031DE05236009DDDCE /* AppDelegate.swift in Sources */,
			);
			runOnlyForDeploymentPostprocessing = 0;
		};
/* End PBXSourcesBuildPhase section */

/* Begin PBXVariantGroup section */
		F9D612061DE05236009DDDCE /* Main.storyboard */ = {
			isa = PBXVariantGroup;
			children = (
				F9D612071DE05236009DDDCE /* Base */,
			);
			name = Main.storyboard;
			sourceTree = "<group>";
		};
		F9D6120B1DE05236009DDDCE /* LaunchScreen.storyboard */ = {
			isa = PBXVariantGroup;
			children = (
				F9D6120C1DE05236009DDDCE /* Base */,
			);
			name = LaunchScreen.storyboard;
			sourceTree = "<group>";
		};
/* End PBXVariantGroup section */

/* Begin XCBuildConfiguration section */
		F9D6120F1DE05236009DDDCE /* Debug */ = {
			isa = XCBuildConfiguration;
			buildSettings = {
				ALWAYS_SEARCH_USER_PATHS = NO;
				CLANG_ANALYZER_NONNULL = YES;
				CLANG_CXX_LANGUAGE_STANDARD = "gnu++0x";
				CLANG_CXX_LIBRARY = "libc++";
				CLANG_ENABLE_MODULES = YES;
				CLANG_ENABLE_OBJC_ARC = YES;
				CLANG_WARN_BOOL_CONVERSION = YES;
				CLANG_WARN_CONSTANT_CONVERSION = YES;
				CLANG_WARN_DIRECT_OBJC_ISA_USAGE = YES_ERROR;
				CLANG_WARN_DOCUMENTATION_COMMENTS = YES;
				CLANG_WARN_EMPTY_BODY = YES;
				CLANG_WARN_ENUM_CONVERSION = YES;
				CLANG_WARN_INFINITE_RECURSION = YES;
				CLANG_WARN_INT_CONVERSION = YES;
				CLANG_WARN_OBJC_ROOT_CLASS = YES_ERROR;
				CLANG_WARN_SUSPICIOUS_MOVES = YES;
				CLANG_WARN_UNREACHABLE_CODE = YES;
				CLANG_WARN__DUPLICATE_METHOD_MATCH = YES;
				"CODE_SIGN_IDENTITY[sdk=iphoneos*]" = "iPhone Developer";
				COPY_PHASE_STRIP = NO;
				DEBUG_INFORMATION_FORMAT = dwarf;
				ENABLE_STRICT_OBJC_MSGSEND = YES;
				ENABLE_TESTABILITY = YES;
				GCC_C_LANGUAGE_STANDARD = gnu99;
				GCC_DYNAMIC_NO_PIC = NO;
				GCC_NO_COMMON_BLOCKS = YES;
				GCC_OPTIMIZATION_LEVEL = 0;
				GCC_PREPROCESSOR_DEFINITIONS = (
					"DEBUG=1",
					"$(inherited)",
				);
				GCC_WARN_64_TO_32_BIT_CONVERSION = YES;
				GCC_WARN_ABOUT_RETURN_TYPE = YES_ERROR;
				GCC_WARN_UNDECLARED_SELECTOR = YES;
				GCC_WARN_UNINITIALIZED_AUTOS = YES_AGGRESSIVE;
				GCC_WARN_UNUSED_FUNCTION = YES;
				GCC_WARN_UNUSED_VARIABLE = YES;
				IPHONEOS_DEPLOYMENT_TARGET = 10.0;
				MTL_ENABLE_DEBUG_INFO = YES;
				ONLY_ACTIVE_ARCH = YES;
				SDKROOT = iphoneos;
				SWIFT_ACTIVE_COMPILATION_CONDITIONS = DEBUG;
				SWIFT_OPTIMIZATION_LEVEL = "-Onone";
			};
			name = Debug;
		};
		F9D612101DE05236009DDDCE /* Release */ = {
			isa = XCBuildConfiguration;
			buildSettings = {
				ALWAYS_SEARCH_USER_PATHS = NO;
				CLANG_ANALYZER_NONNULL = YES;
				CLANG_CXX_LANGUAGE_STANDARD = "gnu++0x";
				CLANG_CXX_LIBRARY = "libc++";
				CLANG_ENABLE_MODULES = YES;
				CLANG_ENABLE_OBJC_ARC = YES;
				CLANG_WARN_BOOL_CONVERSION = YES;
				CLANG_WARN_CONSTANT_CONVERSION = YES;
				CLANG_WARN_DIRECT_OBJC_ISA_USAGE = YES_ERROR;
				CLANG_WARN_DOCUMENTATION_COMMENTS = YES;
				CLANG_WARN_EMPTY_BODY = YES;
				CLANG_WARN_ENUM_CONVERSION = YES;
				CLANG_WARN_INFINITE_RECURSION = YES;
				CLANG_WARN_INT_CONVERSION = YES;
				CLANG_WARN_OBJC_ROOT_CLASS = YES_ERROR;
				CLANG_WARN_SUSPICIOUS_MOVES = YES;
				CLANG_WARN_UNREACHABLE_CODE = YES;
				CLANG_WARN__DUPLICATE_METHOD_MATCH = YES;
				"CODE_SIGN_IDENTITY[sdk=iphoneos*]" = "iPhone Developer";
				COPY_PHASE_STRIP = NO;
				DEBUG_INFORMATION_FORMAT = "dwarf-with-dsym";
				ENABLE_NS_ASSERTIONS = NO;
				ENABLE_STRICT_OBJC_MSGSEND = YES;
				GCC_C_LANGUAGE_STANDARD = gnu99;
				GCC_NO_COMMON_BLOCKS = YES;
				GCC_WARN_64_TO_32_BIT_CONVERSION = YES;
				GCC_WARN_ABOUT_RETURN_TYPE = YES_ERROR;
				GCC_WARN_UNDECLARED_SELECTOR = YES;
				GCC_WARN_UNINITIALIZED_AUTOS = YES_AGGRESSIVE;
				GCC_WARN_UNUSED_FUNCTION = YES;
				GCC_WARN_UNUSED_VARIABLE = YES;
				IPHONEOS_DEPLOYMENT_TARGET = 10.0;
				MTL_ENABLE_DEBUG_INFO = NO;
				SDKROOT = iphoneos;
				SWIFT_OPTIMIZATION_LEVEL = "-Owholemodule";
				VALIDATE_PRODUCT = YES;
			};
			name = Release;
		};
		F9D612121DE05236009DDDCE /* Debug */ = {
			isa = XCBuildConfiguration;
			buildSettings = {
				ASSETCATALOG_COMPILER_APPICON_NAME = AppIcon;
				DEVELOPMENT_TEAM = Z896W6JV89;
				INFOPLIST_FILE = SOUserNotifications/Info.plist;
				LD_RUNPATH_SEARCH_PATHS = "$(inherited) @executable_path/Frameworks";
				ONLY_ACTIVE_ARCH = YES;
				PRODUCT_BUNDLE_IDENTIFIER = com.extention.SOUserNotifications;
				PRODUCT_NAME = "$(TARGET_NAME)";
				SWIFT_VERSION = 3.0;
			};
			name = Debug;
		};
		F9D612131DE05236009DDDCE /* Release */ = {
			isa = XCBuildConfiguration;
			buildSettings = {
				ASSETCATALOG_COMPILER_APPICON_NAME = AppIcon;
				DEVELOPMENT_TEAM = Z896W6JV89;
				INFOPLIST_FILE = SOUserNotifications/Info.plist;
				LD_RUNPATH_SEARCH_PATHS = "$(inherited) @executable_path/Frameworks";
				ONLY_ACTIVE_ARCH = YES;
				PRODUCT_BUNDLE_IDENTIFIER = com.extention.SOUserNotifications;
				PRODUCT_NAME = "$(TARGET_NAME)";
				SWIFT_VERSION = 3.0;
			};
			name = Release;
		};
/* End XCBuildConfiguration section */

/* Begin XCConfigurationList section */
		F9D611FA1DE05236009DDDCE /* Build configuration list for PBXProject "SOUserNotifications" */ = {
			isa = XCConfigurationList;
			buildConfigurations = (
				F9D6120F1DE05236009DDDCE /* Debug */,
				F9D612101DE05236009DDDCE /* Release */,
			);
			defaultConfigurationIsVisible = 0;
			defaultConfigurationName = Release;
		};
		F9D612111DE05236009DDDCE /* Build configuration list for PBXNativeTarget "SOUserNotifications" */ = {
			isa = XCConfigurationList;
			buildConfigurations = (
				F9D612121DE05236009DDDCE /* Debug */,
				F9D612131DE05236009DDDCE /* Release */,
			);
			defaultConfigurationIsVisible = 0;
		};
/* End XCConfigurationList section */
	};
	rootObject = F9D611F71DE05236009DDDCE /* Project object */;
}
